<?xml version="1.0" encoding="utf-8"?>
<Project ToolsVersion="4.0" xmlns="http://schemas.microsoft.com/developer/msbuild/2003">
  <ItemGroup>
    <Filter Include="Source Files">
      <UniqueIdentifier>{4FC737F1-C7A5-4376-A066-2A32D752A2FF}</UniqueIdentifier>
      <Extensions>cpp;c;cc;cxx;c++;cppm;ixx;def;odl;idl;hpj;bat;asm;asmx</Extensions>
    </Filter>
    <Filter Include="Header Files">
      <UniqueIdentifier>{93995380-89BD-4b04-88EB-625FBE52EBFB}</UniqueIdentifier>
      <Extensions>h;hh;hpp;hxx;h++;hm;inl;inc;ipp;xsd</Extensions>
    </Filter>
    <Filter Include="Resource Files">
      <UniqueIdentifier>{67DA6AB6-F800-4c08-8B7A-83BB121AAD01}</UniqueIdentifier>
      <Extensions>rc;ico;cur;bmp;dlg;rc2;rct;bin;rgs;gif;jpg;jpeg;jpe;resx;tiff;tif;png;wav;mfcribbon-ms</Extensions>
    </Filter>
  </ItemGroup>
  <ItemGroup>
    <ClCompile Include="main.cpp">
      <Filter>Source Files</Filter>
    </ClCompile>
    <ClCompile Include="framework\ProgramInputHandler.cpp">
      <Filter>Source Files</Filter>
    </ClCompile>
    <ClCompile Include="framework\Renderer.cpp">
      <Filter>Source Files</Filter>
    </ClCompile>
    <ClCompile Include="framework\draw_objects\Primitive.cpp">
      <Filter>Source Files</Filter>
    </ClCompile>
    <ClCompile Include="framework\draw_objects\Quad.cpp">
      <Filter>Source Files</Filter>
    </ClCompile>
    <ClCompile Include="framework\draw_objects\Triangle.cpp">
      <Filter>Source Files</Filter>
    </ClCompile>
    <ClCompile Include="..\..\..\cpp_libs\GLM\glm\detail\glm.cpp">
      <Filter>Source Files</Filter>
    </ClCompile>
    <ClCompile Include="..\Vector\source\Vector3.cpp">
      <Filter>Source Files</Filter>
    </ClCompile>
    <ClCompile Include="framework\draw_objects\Figure2D.cpp">
      <Filter>Source Files</Filter>
    </ClCompile>
    <ClCompile Include="framework\draw_objects\Drawable.cpp">
      <Filter>Source Files</Filter>
    </ClCompile>
    <ClCompile Include="framework\draw_objects\Object3D.cpp">
      <Filter>Source Files</Filter>
    </ClCompile>
    <ClCompile Include="framework\draw_objects\Camera.cpp">
      <Filter>Source Files</Filter>
    </ClCompile>
    <ClCompile Include="framework\draw_objects\Line.cpp">
      <Filter>Source Files</Filter>
    </ClCompile>
  </ItemGroup>
  <ItemGroup>
    <ClInclude Include="framework\ProgramFramework.h">
      <Filter>Header Files</Filter>
    </ClInclude>
    <ClInclude Include="framework\ProgramInputHandler.h">
      <Filter>Header Files</Filter>
    </ClInclude>
    <ClInclude Include="framework\Renderer.h">
      <Filter>Header Files</Filter>
    </ClInclude>
    <ClInclude Include="framework\draw_objects\Drawable.h">
      <Filter>Header Files</Filter>
    </ClInclude>
    <ClInclude Include="framework\draw_objects\Primitive.h">
      <Filter>Header Files</Filter>
    </ClInclude>
    <ClInclude Include="framework\draw_objects\Quad.h">
      <Filter>Header Files</Filter>
    </ClInclude>
    <ClInclude Include="framework\draw_objects\Triangle.h">
      <Filter>Header Files</Filter>
    </ClInclude>
    <ClInclude Include="..\Vector\source\Vector3.h">
      <Filter>Header Files</Filter>
    </ClInclude>
    <ClInclude Include="framework\draw_objects\Figure2D.h">
      <Filter>Header Files</Filter>
    </ClInclude>
    <ClInclude Include="framework\draw_objects\Object3D.h">
      <Filter>Header Files</Filter>
    </ClInclude>
    <ClInclude Include="test_programs\Test2DObject.h">
      <Filter>Header Files</Filter>
    </ClInclude>
    <ClInclude Include="test_programs\Test3DObject.h">
      <Filter>Header Files</Filter>
    </ClInclude>
    <ClInclude Include="framework\draw_objects\Camera.h">
      <Filter>Header Files</Filter>
    </ClInclude>
    <ClInclude Include="framework\basic_3d_objects\Cube.h">
      <Filter>Header Files</Filter>
    </ClInclude>
    <ClInclude Include="framework\basic_3d_objects\Sphere.h">
      <Filter>Header Files</Filter>
    </ClInclude>
    <ClInclude Include="framework\basic_3d_objects\Surface.h">
      <Filter>Header Files</Filter>
    </ClInclude>
    <ClInclude Include="framework\basic_3d_objects\Dodecahedron.h">
      <Filter>Header Files</Filter>
    </ClInclude>
    <ClInclude Include="framework\basic_3d_objects\AxisObject.h">
      <Filter>Header Files</Filter>
    </ClInclude>
    <ClInclude Include="framework\draw_objects\Line.h">
      <Filter>Header Files</Filter>
    </ClInclude>
  </ItemGroup>
  <ItemGroup>
    <None Include="framework\shaders\main_shaders.shader" />
    <None Include="framework\shaders\lighting_shaders .shader" />
  </ItemGroup>
</Project>